{
  "name": "npm-private-mods-test",
  "version": "0.1.0",
  "lockfileVersion": 1,
  "requires": true,
  "dependencies": {
    "@fortawesome/fontawesome-common-types": {
      "version": "0.2.17",
      "resolved": "https://npm.fontawesome.com/@fortawesome/fontawesome-common-types/-/fontawesome-common-types-0.2.17.tgz",
      "integrity": "sha512-DEYsEb/iiGVoMPQGjhG2uOylLVuMzTxOxysClkabZ5n80Q3oFDWGnshCLKvOvKoeClsgmKhWVrnnqvsMI1cAbw=="
    },
    "@fortawesome/fontawesome-svg-core": {
      "version": "1.2.17",
      "resolved": "https://npm.fontawesome.com/@fortawesome/fontawesome-svg-core/-/fontawesome-svg-core-1.2.17.tgz",
      "integrity": "sha512-TORMW/wIX2QyyGBd4XwHGPir4/0U18Wxf+iDBAUW3EIJ0/VC/ZMpJOiyiCe1f8g9h0PPzA7sqVtl8JtTUtm4uA==",
      "requires": {
        "@fortawesome/fontawesome-common-types": "^0.2.17"
      }
    },
    "@fortawesome/free-brands-svg-icons": {
      "version": "5.8.1",
      "resolved": "https://npm.fontawesome.com/@fortawesome/free-brands-svg-icons/-/free-brands-svg-icons-5.8.1.tgz",
      "integrity": "sha512-NN5Nap2D5e7Lusa5uarAUkcaO7PMbme5wmUF8kofZzPUZR753zDg/UFffi+LLE2Mi9zRXCJEYmIRfMON9SxLPg==",
      "requires": {
        "@fortawesome/fontawesome-common-types": "^0.2.17"
      }
    },
    "@fortawesome/free-regular-svg-icons": {
      "version": "5.8.1",
      "resolved": "https://npm.fontawesome.com/@fortawesome/free-regular-svg-icons/-/free-regular-svg-icons-5.8.1.tgz",
      "integrity": "sha512-U+tFjDyQpVdD0UPWoKRBVLhh0J1/q3iaWDrnxNMJKuKRmerc4d0jfiZdM2X7agOTcG7amvcllRBiWCu2FwYlMA==",
      "requires": {
        "@fortawesome/fontawesome-common-types": "^0.2.17"
      }
    },
    "@fortawesome/pro-light-svg-icons": {
      "version": "5.8.1",
      "resolved": "https://npm.fontawesome.com/@fortawesome/pro-light-svg-icons/-/pro-light-svg-icons-5.8.1.tgz",
      "integrity": "sha512-/u2gy3bp4wwEx6ml+tjqQeK9BNbPElOwSUsDBEWbPvpJu+XxALdjcD15FRoaZ9YnpFO0+MvIImT+qgOEmKnRag==",
      "requires": {
        "@fortawesome/fontawesome-common-types": "^0.2.17"
      }
    },
    "@fortawesome/vue-fontawesome": {
      "version": "0.1.6",
      "resolved": "https://npm.fontawesome.com/@fortawesome/vue-fontawesome/-/vue-fontawesome-0.1.6.tgz",
      "integrity": "sha512-HAGRbrOuGDwwUmCYdpzR0hhNQ3EE30dOS4JiJKcoZ+S4M210CxyU0OXCgzIg3HzK/23rlpHbV8zi9PDDZDnuIw=="
    }
  }
}
